PODS:
  - Flutter (1.0.0)
  - integration_test (0.0.1):
    - Flutter
  - offline_translate (0.2.0):
    - Flutter
    - onnxruntime-c (= 1.29.0)
  - onnxruntime-c (1.29.0)

DEPENDENCIES:
  - Flutter (from `Flutter`)
  - integration_test (from `.symlinks/plugins/integration_test/ios`)
  - offline_translate (from `.symlinks/plugins/offline_translate/ios`)

SPEC REPOS:
  trunk:
    - onnxruntime-c

EXTERNAL SOURCES:
  Flutter:
    :path: Flutter
  integration_test:
    :path: ".symlinks/plugins/integration_test/ios"
  offline_translate:
    :path: ".symlinks/plugins/offline_translate/ios"

SPEC CHECKSUMS:
  Flutter: cabc95a1d2626b1b06e7179b784ebcf0c0cde467
  integration_test: 4a889634ef21a45d28d50d622cf412dc6d9f586e
  offline_translate: 359b4d51f984cee8833ec3636130851c476cc983
  onnxruntime-c: c0dec5145726abb39706aac7dff720d37549c7db

PODFILE CHECKSUM: aa138be8409ad2ab7f70f36aee65b237099b922e

COCOAPODS: 1.16.2
